{
  "name": "mongoose-type-number-enums",
  "version": "1.0.0",
  "lockfileVersion": 1,
  "requires": true,
  "dependencies": {
    "echo-handler": {
      "version": "1.3.3",
      "resolved": "https://registry.npmjs.org/echo-handler/-/echo-handler-1.3.3.tgz",
      "integrity": "sha512-hBWpx9oPOmBcgko9zQ6H10VOPUP6qd2vZyGlezA6LKk2icUTFJcFs9zw8L3ouckjXY4U+Mg/rVAiqDZvSg+NGA=="
    }
  }
}
